
Microsoft Visual Studio Solution File, Format Version 12.00
# Visual Studio Version 16
VisualStudioVersion = 16.0.31019.35
MinimumVisualStudioVersion = 10.0.40219.1
Project("{FAE04EC0-301F-11D3-BF4B-00C04F79EFBC}") = "Test02", "Test02\Test02.csproj", "{64A09240-4A83-4696-93B5-2848CEED94A7}"
EndProject
Global
	GlobalSection(SolutionConfigurationPlatforms) = preSolution
		Debug|Any CPU = Debug|Any CPU
		Release|Any CPU = Release|Any CPU
	EndGlobalSection
	GlobalSection(ProjectConfigurationPlatforms) = postSolution
		{64A09240-4A83-4696-93B5-2848CEED94A7}.Debug|Any CPU.ActiveCfg = Debug|Any CPU
		{64A09240-4A83-4696-93B5-2848CEED94A7}.Debug|Any CPU.Build.0 = Debug|Any CPU
		{64A09240-4A83-4696-93B5-2848CEED94A7}.Release|Any CPU.ActiveCfg = Release|Any CPU
		{64A09240-4A83-4696-93B5-2848CEED94A7}.Release|Any CPU.Build.0 = Release|Any CPU
	EndGlobalSection
	GlobalSection(SolutionProperties) = preSolution
		HideSolutionNode = FALSE
	EndGlobalSection
	GlobalSection(ExtensibilityGlobals) = postSolution
		SolutionGuid = {33731274-0A4E-4DDE-90AE-FA9D4209B7F3}
	EndGlobalSection
EndGlobal
